
Microsoft Visual Studio Solution File, Format Version 10.00
# Visual Studio 2008
Project("{FAE04EC0-301F-11D3-BF4B-00C04F79EFBC}") = "piratesWirtschaft", "piratesWirtschaft\piratesWirtschaft.csproj", "{CD1D1245-8C68-40E5-8669-1A354E9EFEC5}"
EndProject
Global
	GlobalSection(SolutionConfigurationPlatforms) = preSolution
		Debug|Any CPU = Debug|Any CPU
		Release|Any CPU = Release|Any CPU
	EndGlobalSection
	GlobalSection(ProjectConfigurationPlatforms) = postSolution
		{CD1D1245-8C68-40E5-8669-1A354E9EFEC5}.Debug|Any CPU.ActiveCfg = Debug|Any CPU
		{CD1D1245-8C68-40E5-8669-1A354E9EFEC5}.Debug|Any CPU.Build.0 = Debug|Any CPU
		{CD1D1245-8C68-40E5-8669-1A354E9EFEC5}.Release|Any CPU.ActiveCfg = Release|Any CPU
		{CD1D1245-8C68-40E5-8669-1A354E9EFEC5}.Release|Any CPU.Build.0 = Release|Any CPU
	EndGlobalSection
	GlobalSection(SolutionProperties) = preSolution
		HideSolutionNode = FALSE
	EndGlobalSection
EndGlobal
